
Microsoft Visual Studio Solution File, Format Version 12.00
# Visual Studio 15
VisualStudioVersion = 15.0.28307.852
MinimumVisualStudioVersion = 10.0.40219.1
Project("{FAE04EC0-301F-11D3-BF4B-00C04F79EFBC}") = "Bokado_In", "Bokado_In\Bokado_In.csproj", "{4D5252A4-C753-4292-8934-CD9D8F637B5E}"
EndProject
Global
	GlobalSection(SolutionConfigurationPlatforms) = preSolution
		Debug|Any CPU = Debug|Any CPU
		Release|Any CPU = Release|Any CPU
	EndGlobalSection
	GlobalSection(ProjectConfigurationPlatforms) = postSolution
		{4D5252A4-C753-4292-8934-CD9D8F637B5E}.Debug|Any CPU.ActiveCfg = Debug|Any CPU
		{4D5252A4-C753-4292-8934-CD9D8F637B5E}.Debug|Any CPU.Build.0 = Debug|Any CPU
		{4D5252A4-C753-4292-8934-CD9D8F637B5E}.Release|Any CPU.ActiveCfg = Release|Any CPU
		{4D5252A4-C753-4292-8934-CD9D8F637B5E}.Release|Any CPU.Build.0 = Release|Any CPU
	EndGlobalSection
	GlobalSection(SolutionProperties) = preSolution
		HideSolutionNode = FALSE
	EndGlobalSection
	GlobalSection(ExtensibilityGlobals) = postSolution
		SolutionGuid = {D7FA4CE4-FB0D-4A1D-9A3C-8F4E972E6D5A}
	EndGlobalSection
EndGlobal
